
Microsoft Visual Studio Solution File, Format Version 10.00
# Visual C# Express 2008
Project("{FAE04EC0-301F-11D3-BF4B-00C04F79EFBC}") = "MazeScreenSaver", "MazeScreenSaver\MazeScreenSaver.csproj", "{37F37BBA-BCC9-4CD1-AD52-200E6A47AD6C}"
EndProject
Global
	GlobalSection(SolutionConfigurationPlatforms) = preSolution
		Debug|Any CPU = Debug|Any CPU
		Release|Any CPU = Release|Any CPU
	EndGlobalSection
	GlobalSection(ProjectConfigurationPlatforms) = postSolution
		{37F37BBA-BCC9-4CD1-AD52-200E6A47AD6C}.Debug|Any CPU.ActiveCfg = Debug|Any CPU
		{37F37BBA-BCC9-4CD1-AD52-200E6A47AD6C}.Debug|Any CPU.Build.0 = Debug|Any CPU
		{37F37BBA-BCC9-4CD1-AD52-200E6A47AD6C}.Release|Any CPU.ActiveCfg = Release|Any CPU
		{37F37BBA-BCC9-4CD1-AD52-200E6A47AD6C}.Release|Any CPU.Build.0 = Release|Any CPU
	EndGlobalSection
	GlobalSection(SolutionProperties) = preSolution
		HideSolutionNode = FALSE
	EndGlobalSection
EndGlobal
